
Microsoft Visual Studio Solution File, Format Version 12.00
# Visual Studio Version 16
VisualStudioVersion = 16.0.31129.286
MinimumVisualStudioVersion = 10.0.40219.1
Project("{FAE04EC0-301F-11D3-BF4B-00C04F79EFBC}") = "Advanced.CarePlan", "Advanced.CarePlan\Advanced.CarePlan.csproj", "{0B6A62B4-B07F-42FE-8993-B8BFF54A9D86}"
EndProject
Project("{FAE04EC0-301F-11D3-BF4B-00C04F79EFBC}") = "Advanced.CarePlan.API", "Advanced.CarePlan.API\Advanced.CarePlan.API.csproj", "{5BE6A1D8-E80D-4636-AA53-80FC50F503B8}"
EndProject
Global
	GlobalSection(SolutionConfigurationPlatforms) = preSolution
		Debug|Any CPU = Debug|Any CPU
		Release|Any CPU = Release|Any CPU
	EndGlobalSection
	GlobalSection(ProjectConfigurationPlatforms) = postSolution
		{0B6A62B4-B07F-42FE-8993-B8BFF54A9D86}.Debug|Any CPU.ActiveCfg = Debug|Any CPU
		{0B6A62B4-B07F-42FE-8993-B8BFF54A9D86}.Debug|Any CPU.Build.0 = Debug|Any CPU
		{0B6A62B4-B07F-42FE-8993-B8BFF54A9D86}.Release|Any CPU.ActiveCfg = Release|Any CPU
		{0B6A62B4-B07F-42FE-8993-B8BFF54A9D86}.Release|Any CPU.Build.0 = Release|Any CPU
		{5BE6A1D8-E80D-4636-AA53-80FC50F503B8}.Debug|Any CPU.ActiveCfg = Debug|Any CPU
		{5BE6A1D8-E80D-4636-AA53-80FC50F503B8}.Debug|Any CPU.Build.0 = Debug|Any CPU
		{5BE6A1D8-E80D-4636-AA53-80FC50F503B8}.Release|Any CPU.ActiveCfg = Release|Any CPU
		{5BE6A1D8-E80D-4636-AA53-80FC50F503B8}.Release|Any CPU.Build.0 = Release|Any CPU
	EndGlobalSection
	GlobalSection(SolutionProperties) = preSolution
		HideSolutionNode = FALSE
	EndGlobalSection
	GlobalSection(ExtensibilityGlobals) = postSolution
		SolutionGuid = {AFE65CDE-A1FB-49AF-82C5-5B300704647E}
	EndGlobalSection
EndGlobal
